// !$*UTF8*$!
{
	archiveVersion = 1;
	classes = {
	};
	objectVersion = 77;
	objects = {

/* Begin PBXBuildFile section */
		E73666082F58F4E2005B971B /* Auth in Frameworks */ = {isa = PBXBuildFile; productRef = E73666072F58F4E2005B971B /* Auth */; };
		E736660A2F58F4E2005B971B /* Functions in Frameworks */ = {isa = PBXBuildFile; productRef = E73666092F58F4E2005B971B /* Functions */; };
		E736660C2F58F4E2005B971B /* PostgREST in Frameworks */ = {isa = PBXBuildFile; productRef = E736660B2F58F4E2005B971B /* PostgREST */; };
		E736660E2F58F4E2005B971B /* Realtime in Frameworks */ = {isa = PBXBuildFile; productRef = E736660D2F58F4E2005B971B /* Realtime */; };
		E73666102F58F4E2005B971B /* Storage in Frameworks */ = {isa = PBXBuildFile; productRef = E736660F2F58F4E2005B971B /* Storage */; };
		E73666122F58F4E2005B971B /* Supabase in Frameworks */ = {isa = PBXBuildFile; productRef = E73666112F58F4E2005B971B /* Supabase */; };
/* End PBXBuildFile section */

/* Begin PBXContainerItemProxy section */
		E736F8502F57A5F6004D2771 /* PBXContainerItemProxy */ = {
			isa = PBXContainerItemProxy;
			containerPortal = E736F83A2F57A5F5004D2771 /* Project object */;
			proxyType = 1;
			remoteGlobalIDString = E736F8412F57A5F5004D2771;
			remoteInfo = BookTrackingApp;
		};
		E736F85A2F57A5F6004D2771 /* PBXContainerItemProxy */ = {
			isa = PBXContainerItemProxy;
			containerPortal = E736F83A2F57A5F5004D2771 /* Project object */;
			proxyType = 1;
			remoteGlobalIDString = E736F8412F57A5F5004D2771;
			remoteInfo = BookTrackingApp;
		};
/* End PBXContainerItemProxy section */

/* Begin PBXFileReference section */
		E736F8422F57A5F5004D2771 /* BookTrackingApp.app */ = {isa = PBXFileReference; explicitFileType = wrapper.application; includeInIndex = 0; path = BookTrackingApp.app; sourceTree = BUILT_PRODUCTS_DIR; };
		E736F84F2F57A5F6004D2771 /* BookTrackingAppTests.xctest */ = {isa = PBXFileReference; explicitFileType = wrapper.cfbundle; includeInIndex = 0; path = BookTrackingAppTests.xctest; sourceTree = BUILT_PRODUCTS_DIR; };
		E736F8592F57A5F6004D2771 /* BookTrackingAppUITests.xctest */ = {isa = PBXFileReference; explicitFileType = wrapper.cfbundle; includeInIndex = 0; path = BookTrackingAppUITests.xctest; sourceTree = BUILT_PRODUCTS_DIR; };
/* End PBXFileReference section */

/* Begin PBXFileSystemSynchronizedRootGroup section */
		E736F8442F57A5F5004D2771 /* BookTrackingApp */ = {
			isa = PBXFileSystemSynchronizedRootGroup;
			path = BookTrackingApp;
			sourceTree = "<group>";
		};
		E736F8522F57A5F6004D2771 /* BookTrackingAppTests */ = {
			isa = PBXFileSystemSynchronizedRootGroup;
			path = BookTrackingAppTests;
			sourceTree = "<group>";
		};
		E736F85C2F57A5F6004D2771 /* BookTrackingAppUITests */ = {
			isa = PBXFileSystemSynchronizedRootGroup;
			path = BookTrackingAppUITests;
			sourceTree = "<group>";
		};
/* End PBXFileSystemSynchronizedRootGroup section */

/* Begin PBXFrameworksBuildPhase section */
		E736F83F2F57A5F5004D2771 /* Frameworks */ = {
			isa = PBXFrameworksBuildPhase;
			buildActionMask = 2147483647;
			files = (
				E736660C2F58F4E2005B971B /* PostgREST in Frameworks */,
				E736660A2F58F4E2005B971B /* Functions in Frameworks */,
				E73666122F58F4E2005B971B /* Supabase in Frameworks */,
				E73666082F58F4E2005B971B /* Auth in Frameworks */,
				E73666102F58F4E2005B971B /* Storage in Frameworks */,
				E736660E2F58F4E2005B971B /* Realtime in Frameworks */,
			);
			runOnlyForDeploymentPostprocessing = 0;
		};
		E736F84C2F57A5F6004D2771 /* Frameworks */ = {
			isa = PBXFrameworksBuildPhase;
			buildActionMask = 2147483647;
			files = (
			);
			runOnlyForDeploymentPostprocessing = 0;
		};
		E736F8562F57A5F6004D2771 /* Frameworks */ = {
			isa = PBXFrameworksBuildPhase;
			buildActionMask = 2147483647;
			files = (
			);
			runOnlyForDeploymentPostprocessing = 0;
		};
/* End PBXFrameworksBuildPhase section */

/* Begin PBXGroup section */
		E73666062F58F4E2005B971B /* Frameworks */ = {
			isa = PBXGroup;
			children = (
			);
			name = Frameworks;
			sourceTree = "<group>";
		};
		E736F8392F57A5F5004D2771 = {
			isa = PBXGroup;
			children = (
				E736F8442F57A5F5004D2771 /* BookTrackingApp */,
				E736F8522F57A5F6004D2771 /* BookTrackingAppTests */,
				E736F85C2F57A5F6004D2771 /* BookTrackingAppUITests */,
				E73666062F58F4E2005B971B /* Frameworks */,
				E736F8432F57A5F5004D2771 /* Products */,
			);
			sourceTree = "<group>";
		};
		E736F8432F57A5F5004D2771 /* Products */ = {
			isa = PBXGroup;
			children = (
				E736F8422F57A5F5004D2771 /* BookTrackingApp.app */,
				E736F84F2F57A5F6004D2771 /* BookTrackingAppTests.xctest */,
				E736F8592F57A5F6004D2771 /* BookTrackingAppUITests.xctest */,
			);
			name = Products;
			sourceTree = "<group>";
		};
/* End PBXGroup section */

/* Begin PBXNativeTarget section */
		E736F8412F57A5F5004D2771 /* BookTrackingApp */ = {
			isa = PBXNativeTarget;
			buildConfigurationList = E736F8632F57A5F6004D2771 /* Build configuration list for PBXNativeTarget "BookTrackingApp" */;
			buildPhases = (
				E736F83E2F57A5F5004D2771 /* Sources */,
				E736F83F2F57A5F5004D2771 /* Frameworks */,
				E736F8402F57A5F5004D2771 /* Resources */,
			);
			buildRules = (
			);
			dependencies = (
			);
			fileSystemSynchronizedGroups = (
				E736F8442F57A5F5004D2771 /* BookTrackingApp */,
			);
			name = BookTrackingApp;
			packageProductDependencies = (
				E73666072F58F4E2005B971B /* Auth */,
				E73666092F58F4E2005B971B /* Functions */,
				E736660B2F58F4E2005B971B /* PostgREST */,
				E736660D2F58F4E2005B971B /* Realtime */,
				E736660F2F58F4E2005B971B /* Storage */,
				E73666112F58F4E2005B971B /* Supabase */,
			);
			productName = BookTrackingApp;
			productReference = E736F8422F57A5F5004D2771 /* BookTrackingApp.app */;
			productType = "com.apple.product-type.application";
		};
		E736F84E2F57A5F6004D2771 /* BookTrackingAppTests */ = {
			isa = PBXNativeTarget;
			buildConfigurationList = E736F8662F57A5F6004D2771 /* Build configuration list for PBXNativeTarget "BookTrackingAppTests" */;
			buildPhases = (
				E736F84B2F57A5F6004D2771 /* Sources */,
				E736F84C2F57A5F6004D2771 /* Frameworks */,
				E736F84D2F57A5F6004D2771 /* Resources */,
			);
			buildRules = (
			);
			dependencies = (
				E736F8512F57A5F6004D2771 /* PBXTargetDependency */,
			);
			fileSystemSynchronizedGroups = (
				E736F8522F57A5F6004D2771 /* BookTrackingAppTests */,
			);
			name = BookTrackingAppTests;
			packageProductDependencies = (
			);
			productName = BookTrackingAppTests;
			productReference = E736F84F2F57A5F6004D2771 /* BookTrackingAppTests.xctest */;
			productType = "com.apple.product-type.bundle.unit-test";
		};
		E736F8582F57A5F6004D2771 /* BookTrackingAppUITests */ = {
			isa = PBXNativeTarget;
			buildConfigurationList = E736F8692F57A5F6004D2771 /* Build configuration list for PBXNativeTarget "BookTrackingAppUITests" */;
			buildPhases = (
				E736F8552F57A5F6004D2771 /* Sources */,
				E736F8562F57A5F6004D2771 /* Frameworks */,
				E736F8572F57A5F6004D2771 /* Resources */,
			);
			buildRules = (
			);
			dependencies = (
				E736F85B2F57A5F6004D2771 /* PBXTargetDependency */,
			);
			fileSystemSynchronizedGroups = (
				E736F85C2F57A5F6004D2771 /* BookTrackingAppUITests */,
			);
			name = BookTrackingAppUITests;
			packageProductDependencies = (
			);
			productName = BookTrackingAppUITests;
			productReference = E736F8592F57A5F6004D2771 /* BookTrackingAppUITests.xctest */;
			productType = "com.apple.product-type.bundle.ui-testing";
		};
/* End PBXNativeTarget section */

/* Begin PBXProject section */
		E736F83A2F57A5F5004D2771 /* Project object */ = {
			isa = PBXProject;
			attributes = {
				BuildIndependentTargetsInParallel = 1;
				LastSwiftUpdateCheck = 2630;
				LastUpgradeCheck = 2630;
				TargetAttributes = {
					E736F8412F57A5F5004D2771 = {
						CreatedOnToolsVersion = 26.3;
					};
					E736F84E2F57A5F6004D2771 = {
						CreatedOnToolsVersion = 26.3;
						TestTargetID = E736F8412F57A5F5004D2771;
					};
					E736F8582F57A5F6004D2771 = {
						CreatedOnToolsVersion = 26.3;
						TestTargetID = E736F8412F57A5F5004D2771;
					};
				};
			};
			buildConfigurationList = E736F83D2F57A5F5004D2771 /* Build configuration list for PBXProject "BookTrackingApp" */;
			developmentRegion = en;
			hasScannedForEncodings = 0;
			knownRegions = (
				en,
				Base,
			);
			mainGroup = E736F8392F57A5F5004D2771;
			minimizedProjectReferenceProxies = 1;
			packageReferences = (
				E743E5D72F58D86600EAA2F1 /* XCRemoteSwiftPackageReference "supabase-swift" */,
			);
			preferredProjectObjectVersion = 77;
			productRefGroup = E736F8432F57A5F5004D2771 /* Products */;
			projectDirPath = "";
			projectRoot = "";
			targets = (
				E736F8412F57A5F5004D2771 /* BookTrackingApp */,
				E736F84E2F57A5F6004D2771 /* BookTrackingAppTests */,
				E736F8582F57A5F6004D2771 /* BookTrackingAppUITests */,
			);
		};
/* End PBXProject section */

/* Begin PBXResourcesBuildPhase section */
		E736F8402F57A5F5004D2771 /* Resources */ = {
			isa = PBXResourcesBuildPhase;
			buildActionMask = 2147483647;
			files = (
			);
			runOnlyForDeploymentPostprocessing = 0;
		};
		E736F84D2F57A5F6004D2771 /* Resources */ = {
			isa = PBXResourcesBuildPhase;
			buildActionMask = 2147483647;
			files = (
			);
			runOnlyForDeploymentPostprocessing = 0;
		};
		E736F8572F57A5F6004D2771 /* Resources */ = {
			isa = PBXResourcesBuildPhase;
			buildActionMask = 2147483647;
			files = (
			);
			runOnlyForDeploymentPostprocessing = 0;
		};
/* End PBXResourcesBuildPhase section */

/* Begin PBXSourcesBuildPhase section */
		E736F83E2F57A5F5004D2771 /* Sources */ = {
			isa = PBXSourcesBuildPhase;
			buildActionMask = 2147483647;
			files = (
			);
			runOnlyForDeploymentPostprocessing = 0;
		};
		E736F84B2F57A5F6004D2771 /* Sources */ = {
			isa = PBXSourcesBuildPhase;
			buildActionMask = 2147483647;
			files = (
			);
			runOnlyForDeploymentPostprocessing = 0;
		};
		E736F8552F57A5F6004D2771 /* Sources */ = {
			isa = PBXSourcesBuildPhase;
			buildActionMask = 2147483647;
			files = (
			);
			runOnlyForDeploymentPostprocessing = 0;
		};
/* End PBXSourcesBuildPhase section */

/* Begin PBXTargetDependency section */
		E736F8512F57A5F6004D2771 /* PBXTargetDependency */ = {
			isa = PBXTargetDependency;
			target = E736F8412F57A5F5004D2771 /* BookTrackingApp */;
			targetProxy = E736F8502F57A5F6004D2771 /* PBXContainerItemProxy */;
		};
		E736F85B2F57A5F6004D2771 /* PBXTargetDependency */ = {
			isa = PBXTargetDependency;
			target = E736F8412F57A5F5004D2771 /* BookTrackingApp */;
			targetProxy = E736F85A2F57A5F6004D2771 /* PBXContainerItemProxy */;
		};
/* End PBXTargetDependency section */

/* Begin XCBuildConfiguration section */
		E736F8612F57A5F6004D2771 /* Debug */ = {
			isa = XCBuildConfiguration;
			buildSettings = {
				ALWAYS_SEARCH_USER_PATHS = NO;
				ASSETCATALOG_COMPILER_GENERATE_SWIFT_ASSET_SYMBOL_EXTENSIONS = YES;
				CLANG_ANALYZER_NONNULL = YES;
				CLANG_ANALYZER_NUMBER_OBJECT_CONVERSION = YES_AGGRESSIVE;
				CLANG_CXX_LANGUAGE_STANDARD = "gnu++20";
				CLANG_ENABLE_MODULES = YES;
				CLANG_ENABLE_OBJC_ARC = YES;
				CLANG_ENABLE_OBJC_WEAK = YES;
				CLANG_WARN_BLOCK_CAPTURE_AUTORELEASING = YES;
				CLANG_WARN_BOOL_CONVERSION = YES;
				CLANG_WARN_COMMA = YES;
				CLANG_WARN_CONSTANT_CONVERSION = YES;
				CLANG_WARN_DEPRECATED_OBJC_IMPLEMENTATIONS = YES;
				CLANG_WARN_DIRECT_OBJC_ISA_USAGE = YES_ERROR;
				CLANG_WARN_DOCUMENTATION_COMMENTS = YES;
				CLANG_WARN_EMPTY_BODY = YES;
				CLANG_WARN_ENUM_CONVERSION = YES;
				CLANG_WARN_INFINITE_RECURSION = YES;
				CLANG_WARN_INT_CONVERSION = YES;
				CLANG_WARN_NON_LITERAL_NULL_CONVERSION = YES;
				CLANG_WARN_OBJC_IMPLICIT_RETAIN_SELF = YES;
				CLANG_WARN_OBJC_LITERAL_CONVERSION = YES;
				CLANG_WARN_OBJC_ROOT_CLASS = YES_ERROR;
				CLANG_WARN_QUOTED_INCLUDE_IN_FRAMEWORK_HEADER = YES;
				CLANG_WARN_RANGE_LOOP_ANALYSIS = YES;
				CLANG_WARN_STRICT_PROTOTYPES = YES;
				CLANG_WARN_SUSPICIOUS_MOVE = YES;
				CLANG_WARN_UNGUARDED_AVAILABILITY = YES_AGGRESSIVE;
				CLANG_WARN_UNREACHABLE_CODE = YES;
				CLANG_WARN__DUPLICATE_METHOD_MATCH = YES;
				COPY_PHASE_STRIP = NO;
				DEBUG_INFORMATION_FORMAT = dwarf;
				ENABLE_STRICT_OBJC_MSGSEND = YES;
				ENABLE_TESTABILITY = YES;
				ENABLE_USER_SCRIPT_SANDBOXING = YES;
				GCC_C_LANGUAGE_STANDARD = gnu17;
				GCC_DYNAMIC_NO_PIC = NO;
				GCC_NO_COMMON_BLOCKS = YES;
				GCC_OPTIMIZATION_LEVEL = 0;
				GCC_PREPROCESSOR_DEFINITIONS = (
					"DEBUG=1",
					"$(inherited)",
				);
				GCC_WARN_64_TO_32_BIT_CONVERSION = YES;
				GCC_WARN_ABOUT_RETURN_TYPE = YES_ERROR;
				GCC_WARN_UNDECLARED_SELECTOR = YES;
				GCC_WARN_UNINITIALIZED_AUTOS = YES_AGGRESSIVE;
				GCC_WARN_UNUSED_FUNCTION = YES;
				GCC_WARN_UNUSED_VARIABLE = YES;
				IPHONEOS_DEPLOYMENT_TARGET = 26.2;
				LOCALIZATION_PREFERS_STRING_CATALOGS = YES;
				MTL_ENABLE_DEBUG_INFO = INCLUDE_SOURCE;
				MTL_FAST_MATH = YES;
				ONLY_ACTIVE_ARCH = YES;
				SDKROOT = iphoneos;
				SWIFT_ACTIVE_COMPILATION_CONDITIONS = "DEBUG $(inherited)";
				SWIFT_OPTIMIZATION_LEVEL = "-Onone";
			};
			name = Debug;
		};
		E736F8622F57A5F6004D2771 /* Release */ = {
			isa = XCBuildConfiguration;
			buildSettings = {
				ALWAYS_SEARCH_USER_PATHS = NO;
				ASSETCATALOG_COMPILER_GENERATE_SWIFT_ASSET_SYMBOL_EXTENSIONS = YES;
				CLANG_ANALYZER_NONNULL = YES;
				CLANG_ANALYZER_NUMBER_OBJECT_CONVERSION = YES_AGGRESSIVE;
				CLANG_CXX_LANGUAGE_STANDARD = "gnu++20";
				CLANG_ENABLE_MODULES = YES;
				CLANG_ENABLE_OBJC_ARC = YES;
				CLANG_ENABLE_OBJC_WEAK = YES;
				CLANG_WARN_BLOCK_CAPTURE_AUTORELEASING = YES;
				CLANG_WARN_BOOL_CONVERSION = YES;
				CLANG_WARN_COMMA = YES;
				CLANG_WARN_CONSTANT_CONVERSION = YES;
				CLANG_WARN_DEPRECATED_OBJC_IMPLEMENTATIONS = YES;
				CLANG_WARN_DIRECT_OBJC_ISA_USAGE = YES_ERROR;
				CLANG_WARN_DOCUMENTATION_COMMENTS = YES;
				CLANG_WARN_EMPTY_BODY = YES;
				CLANG_WARN_ENUM_CONVERSION = YES;
				CLANG_WARN_INFINITE_RECURSION = YES;
				CLANG_WARN_INT_CONVERSION = YES;
				CLANG_WARN_NON_LITERAL_NULL_CONVERSION = YES;
				CLANG_WARN_OBJC_IMPLICIT_RETAIN_SELF = YES;
				CLANG_WARN_OBJC_LITERAL_CONVERSION = YES;
				CLANG_WARN_OBJC_ROOT_CLASS = YES_ERROR;
				CLANG_WARN_QUOTED_INCLUDE_IN_FRAMEWORK_HEADER = YES;
				CLANG_WARN_RANGE_LOOP_ANALYSIS = YES;
				CLANG_WARN_STRICT_PROTOTYPES = YES;
				CLANG_WARN_SUSPICIOUS_MOVE = YES;
				CLANG_WARN_UNGUARDED_AVAILABILITY = YES_AGGRESSIVE;
				CLANG_WARN_UNREACHABLE_CODE = YES;
				CLANG_WARN__DUPLICATE_METHOD_MATCH = YES;
				COPY_PHASE_STRIP = NO;
				DEBUG_INFORMATION_FORMAT = "dwarf-with-dsym";
				ENABLE_NS_ASSERTIONS = NO;
				ENABLE_STRICT_OBJC_MSGSEND = YES;
				ENABLE_USER_SCRIPT_SANDBOXING = YES;
				GCC_C_LANGUAGE_STANDARD = gnu17;
				GCC_NO_COMMON_BLOCKS = YES;
				GCC_WARN_64_TO_32_BIT_CONVERSION = YES;
				GCC_WARN_ABOUT_RETURN_TYPE = YES_ERROR;
				GCC_WARN_UNDECLARED_SELECTOR = YES;
				GCC_WARN_UNINITIALIZED_AUTOS = YES_AGGRESSIVE;
				GCC_WARN_UNUSED_FUNCTION = YES;
				GCC_WARN_UNUSED_VARIABLE = YES;
				IPHONEOS_DEPLOYMENT_TARGET = 26.2;
				LOCALIZATION_PREFERS_STRING_CATALOGS = YES;
				MTL_ENABLE_DEBUG_INFO = NO;
				MTL_FAST_MATH = YES;
				SDKROOT = iphoneos;
				SWIFT_COMPILATION_MODE = wholemodule;
				VALIDATE_PRODUCT = YES;
			};
			name = Release;
		};
		E736F8642F57A5F6004D2771 /* Debug */ = {
			isa = XCBuildConfiguration;
			buildSettings = {
				ASSETCATALOG_COMPILER_APPICON_NAME = AppIcon;
				ASSETCATALOG_COMPILER_GLOBAL_ACCENT_COLOR_NAME = AccentColor;
				CODE_SIGN_STYLE = Automatic;
				CURRENT_PROJECT_VERSION = 1;
				DEVELOPMENT_TEAM = FZR8D2KGW7;
				ENABLE_APP_SANDBOX = YES;
				ENABLE_HARDENED_RUNTIME = YES;
				ENABLE_OUTGOING_NETWORK_CONNECTIONS = YES;
				ENABLE_PREVIEWS = YES;
				GENERATE_INFOPLIST_FILE = YES;
				INFOPLIST_KEY_UIApplicationSceneManifest_Generation = YES;
				INFOPLIST_KEY_UIApplicationSupportsIndirectInputEvents = YES;
				INFOPLIST_KEY_UILaunchScreen_Generation = YES;
				INFOPLIST_KEY_UISupportedInterfaceOrientations_iPad = "UIInterfaceOrientationPortrait UIInterfaceOrientationPortraitUpsideDown UIInterfaceOrientationLandscapeLeft UIInterfaceOrientationLandscapeRight";
				INFOPLIST_KEY_UISupportedInterfaceOrientations_iPhone = "UIInterfaceOrientationPortrait UIInterfaceOrientationLandscapeLeft UIInterfaceOrientationLandscapeRight";
				LD_RUNPATH_SEARCH_PATHS = (
					"$(inherited)",
					"@executable_path/Frameworks",
				);
				MARKETING_VERSION = 1.0;
				PRODUCT_BUNDLE_IDENTIFIER = com.codewithmihir.BookTrackingApp;
				PRODUCT_NAME = "$(TARGET_NAME)";
				REGISTER_APP_GROUPS = YES;
				STRING_CATALOG_GENERATE_SYMBOLS = YES;
				SUPPORTED_PLATFORMS = "iphoneos iphonesimulator macosx";
				SUPPORTS_MACCATALYST = NO;
				SWIFT_APPROACHABLE_CONCURRENCY = YES;
				SWIFT_DEFAULT_ACTOR_ISOLATION = MainActor;
				SWIFT_EMIT_LOC_STRINGS = YES;
				SWIFT_UPCOMING_FEATURE_MEMBER_IMPORT_VISIBILITY = YES;
				SWIFT_VERSION = 5.0;
				TARGETED_DEVICE_FAMILY = "1,2";
			};
			name = Debug;
		};
		E736F8652F57A5F6004D2771 /* Release */ = {
			isa = XCBuildConfiguration;
			buildSettings = {
				ASSETCATALOG_COMPILER_APPICON_NAME = AppIcon;
				ASSETCATALOG_COMPILER_GLOBAL_ACCENT_COLOR_NAME = AccentColor;
				CODE_SIGN_STYLE = Automatic;
				CURRENT_PROJECT_VERSION = 1;
				DEVELOPMENT_TEAM = FZR8D2KGW7;
				ENABLE_APP_SANDBOX = YES;
				ENABLE_HARDENED_RUNTIME = YES;
				ENABLE_OUTGOING_NETWORK_CONNECTIONS = YES;
				ENABLE_PREVIEWS = YES;
				GENERATE_INFOPLIST_FILE = YES;
				INFOPLIST_KEY_UIApplicationSceneManifest_Generation = YES;
				INFOPLIST_KEY_UIApplicationSupportsIndirectInputEvents = YES;
				INFOPLIST_KEY_UILaunchScreen_Generation = YES;
				INFOPLIST_KEY_UISupportedInterfaceOrientations_iPad = "UIInterfaceOrientationPortrait UIInterfaceOrientationPortraitUpsideDown UIInterfaceOrientationLandscapeLeft UIInterfaceOrientationLandscapeRight";
				INFOPLIST_KEY_UISupportedInterfaceOrientations_iPhone = "UIInterfaceOrientationPortrait UIInterfaceOrientationLandscapeLeft UIInterfaceOrientationLandscapeRight";
				LD_RUNPATH_SEARCH_PATHS = (
					"$(inherited)",
					"@executable_path/Frameworks",
				);
				MARKETING_VERSION = 1.0;
				PRODUCT_BUNDLE_IDENTIFIER = com.codewithmihir.BookTrackingApp;
				PRODUCT_NAME = "$(TARGET_NAME)";
				REGISTER_APP_GROUPS = YES;
				STRING_CATALOG_GENERATE_SYMBOLS = YES;
				SUPPORTED_PLATFORMS = "iphoneos iphonesimulator macosx";
				SUPPORTS_MACCATALYST = NO;
				SWIFT_APPROACHABLE_CONCURRENCY = YES;
				SWIFT_DEFAULT_ACTOR_ISOLATION = MainActor;
				SWIFT_EMIT_LOC_STRINGS = YES;
				SWIFT_UPCOMING_FEATURE_MEMBER_IMPORT_VISIBILITY = YES;
				SWIFT_VERSION = 5.0;
				TARGETED_DEVICE_FAMILY = "1,2";
			};
			name = Release;
		};
		E736F8672F57A5F6004D2771 /* Debug */ = {
			isa = XCBuildConfiguration;
			buildSettings = {
				BUNDLE_LOADER = "$(TEST_HOST)";
				CODE_SIGN_STYLE = Automatic;
				CURRENT_PROJECT_VERSION = 1;
				GENERATE_INFOPLIST_FILE = YES;
				IPHONEOS_DEPLOYMENT_TARGET = 26.2;
				MARKETING_VERSION = 1.0;
				PRODUCT_BUNDLE_IDENTIFIER = com.codewithmihir.BookTrackingAppTests;
				PRODUCT_NAME = "$(TARGET_NAME)";
				STRING_CATALOG_GENERATE_SYMBOLS = NO;
				SWIFT_APPROACHABLE_CONCURRENCY = YES;
				SWIFT_EMIT_LOC_STRINGS = NO;
				SWIFT_UPCOMING_FEATURE_MEMBER_IMPORT_VISIBILITY = YES;
				SWIFT_VERSION = 5.0;
				TARGETED_DEVICE_FAMILY = "1,2";
				TEST_HOST = "$(BUILT_PRODUCTS_DIR)/BookTrackingApp.app/$(BUNDLE_EXECUTABLE_FOLDER_PATH)/BookTrackingApp";
			};
			name = Debug;
		};
		E736F8682F57A5F6004D2771 /* Release */ = {
			isa = XCBuildConfiguration;
			buildSettings = {
				BUNDLE_LOADER = "$(TEST_HOST)";
				CODE_SIGN_STYLE = Automatic;
				CURRENT_PROJECT_VERSION = 1;
				GENERATE_INFOPLIST_FILE = YES;
				IPHONEOS_DEPLOYMENT_TARGET = 26.2;
				MARKETING_VERSION = 1.0;
				PRODUCT_BUNDLE_IDENTIFIER = com.codewithmihir.BookTrackingAppTests;
				PRODUCT_NAME = "$(TARGET_NAME)";
				STRING_CATALOG_GENERATE_SYMBOLS = NO;
				SWIFT_APPROACHABLE_CONCURRENCY = YES;
				SWIFT_EMIT_LOC_STRINGS = NO;
				SWIFT_UPCOMING_FEATURE_MEMBER_IMPORT_VISIBILITY = YES;
				SWIFT_VERSION = 5.0;
				TARGETED_DEVICE_FAMILY = "1,2";
				TEST_HOST = "$(BUILT_PRODUCTS_DIR)/BookTrackingApp.app/$(BUNDLE_EXECUTABLE_FOLDER_PATH)/BookTrackingApp";
			};
			name = Release;
		};
		E736F86A2F57A5F6004D2771 /* Debug */ = {
			isa = XCBuildConfiguration;
			buildSettings = {
				CODE_SIGN_STYLE = Automatic;
				CURRENT_PROJECT_VERSION = 1;
				GENERATE_INFOPLIST_FILE = YES;
				MARKETING_VERSION = 1.0;
				PRODUCT_BUNDLE_IDENTIFIER = com.codewithmihir.BookTrackingAppUITests;
				PRODUCT_NAME = "$(TARGET_NAME)";
				STRING_CATALOG_GENERATE_SYMBOLS = NO;
				SWIFT_APPROACHABLE_CONCURRENCY = YES;
				SWIFT_EMIT_LOC_STRINGS = NO;
				SWIFT_UPCOMING_FEATURE_MEMBER_IMPORT_VISIBILITY = YES;
				SWIFT_VERSION = 5.0;
				TARGETED_DEVICE_FAMILY = "1,2";
				TEST_TARGET_NAME = BookTrackingApp;
			};
			name = Debug;
		};
		E736F86B2F57A5F6004D2771 /* Release */ = {
			isa = XCBuildConfiguration;
			buildSettings = {
				CODE_SIGN_STYLE = Automatic;
				CURRENT_PROJECT_VERSION = 1;
				GENERATE_INFOPLIST_FILE = YES;
				MARKETING_VERSION = 1.0;
				PRODUCT_BUNDLE_IDENTIFIER = com.codewithmihir.BookTrackingAppUITests;
				PRODUCT_NAME = "$(TARGET_NAME)";
				STRING_CATALOG_GENERATE_SYMBOLS = NO;
				SWIFT_APPROACHABLE_CONCURRENCY = YES;
				SWIFT_EMIT_LOC_STRINGS = NO;
				SWIFT_UPCOMING_FEATURE_MEMBER_IMPORT_VISIBILITY = YES;
				SWIFT_VERSION = 5.0;
				TARGETED_DEVICE_FAMILY = "1,2";
				TEST_TARGET_NAME = BookTrackingApp;
			};
			name = Release;
		};
/* End XCBuildConfiguration section */

/* Begin XCConfigurationList section */
		E736F83D2F57A5F5004D2771 /* Build configuration list for PBXProject "BookTrackingApp" */ = {
			isa = XCConfigurationList;
			buildConfigurations = (
				E736F8612F57A5F6004D2771 /* Debug */,
				E736F8622F57A5F6004D2771 /* Release */,
			);
			defaultConfigurationIsVisible = 0;
			defaultConfigurationName = Release;
		};
		E736F8632F57A5F6004D2771 /* Build configuration list for PBXNativeTarget "BookTrackingApp" */ = {
			isa = XCConfigurationList;
			buildConfigurations = (
				E736F8642F57A5F6004D2771 /* Debug */,
				E736F8652F57A5F6004D2771 /* Release */,
			);
			defaultConfigurationIsVisible = 0;
			defaultConfigurationName = Release;
		};
		E736F8662F57A5F6004D2771 /* Build configuration list for PBXNativeTarget "BookTrackingAppTests" */ = {
			isa = XCConfigurationList;
			buildConfigurations = (
				E736F8672F57A5F6004D2771 /* Debug */,
				E736F8682F57A5F6004D2771 /* Release */,
			);
			defaultConfigurationIsVisible = 0;
			defaultConfigurationName = Release;
		};
		E736F8692F57A5F6004D2771 /* Build configuration list for PBXNativeTarget "BookTrackingAppUITests" */ = {
			isa = XCConfigurationList;
			buildConfigurations = (
				E736F86A2F57A5F6004D2771 /* Debug */,
				E736F86B2F57A5F6004D2771 /* Release */,
			);
			defaultConfigurationIsVisible = 0;
			defaultConfigurationName = Release;
		};
/* End XCConfigurationList section */

/* Begin XCRemoteSwiftPackageReference section */
		E743E5D72F58D86600EAA2F1 /* XCRemoteSwiftPackageReference "supabase-swift" */ = {
			isa = XCRemoteSwiftPackageReference;
			repositoryURL = "https://github.com/supabase/supabase-swift";
			requirement = {
				kind = upToNextMajorVersion;
				minimumVersion = 2.5.1;
			};
		};
/* End XCRemoteSwiftPackageReference section */

/* Begin XCSwiftPackageProductDependency section */
		E73666072F58F4E2005B971B /* Auth */ = {
			isa = XCSwiftPackageProductDependency;
			package = E743E5D72F58D86600EAA2F1 /* XCRemoteSwiftPackageReference "supabase-swift" */;
			productName = Auth;
		};
		E73666092F58F4E2005B971B /* Functions */ = {
			isa = XCSwiftPackageProductDependency;
			package = E743E5D72F58D86600EAA2F1 /* XCRemoteSwiftPackageReference "supabase-swift" */;
			productName = Functions;
		};
		E736660B2F58F4E2005B971B /* PostgREST */ = {
			isa = XCSwiftPackageProductDependency;
			package = E743E5D72F58D86600EAA2F1 /* XCRemoteSwiftPackageReference "supabase-swift" */;
			productName = PostgREST;
		};
		E736660D2F58F4E2005B971B /* Realtime */ = {
			isa = XCSwiftPackageProductDependency;
			package = E743E5D72F58D86600EAA2F1 /* XCRemoteSwiftPackageReference "supabase-swift" */;
			productName = Realtime;
		};
		E736660F2F58F4E2005B971B /* Storage */ = {
			isa = XCSwiftPackageProductDependency;
			package = E743E5D72F58D86600EAA2F1 /* XCRemoteSwiftPackageReference "supabase-swift" */;
			productName = Storage;
		};
		E73666112F58F4E2005B971B /* Supabase */ = {
			isa = XCSwiftPackageProductDependency;
			package = E743E5D72F58D86600EAA2F1 /* XCRemoteSwiftPackageReference "supabase-swift" */;
			productName = Supabase;
		};
/* End XCSwiftPackageProductDependency section */
	};
	rootObject = E736F83A2F57A5F5004D2771 /* Project object */;
}
